
Microsoft Visual Studio Solution File, Format Version 12.00
# Visual Studio Version 16
VisualStudioVersion = 16.0.31911.196
MinimumVisualStudioVersion = 10.0.40219.1
Project("{FAE04EC0-301F-11D3-BF4B-00C04F79EFBC}") = "Prueba1", "Prueba1\Prueba1.csproj", "{245CFD9F-D0CB-4EC3-928A-E23A6B68A189}"
EndProject
Global
	GlobalSection(SolutionConfigurationPlatforms) = preSolution
		Debug|Any CPU = Debug|Any CPU
		Release|Any CPU = Release|Any CPU
	EndGlobalSection
	GlobalSection(ProjectConfigurationPlatforms) = postSolution
		{245CFD9F-D0CB-4EC3-928A-E23A6B68A189}.Debug|Any CPU.ActiveCfg = Debug|Any CPU
		{245CFD9F-D0CB-4EC3-928A-E23A6B68A189}.Debug|Any CPU.Build.0 = Debug|Any CPU
		{245CFD9F-D0CB-4EC3-928A-E23A6B68A189}.Release|Any CPU.ActiveCfg = Release|Any CPU
		{245CFD9F-D0CB-4EC3-928A-E23A6B68A189}.Release|Any CPU.Build.0 = Release|Any CPU
	EndGlobalSection
	GlobalSection(SolutionProperties) = preSolution
		HideSolutionNode = FALSE
	EndGlobalSection
	GlobalSection(ExtensibilityGlobals) = postSolution
		SolutionGuid = {E3653F94-AEE2-4B7D-B5F1-A8B6F1EC0845}
	EndGlobalSection
EndGlobal
